
Microsoft Visual Studio Solution File, Format Version 12.00
# Visual Studio Version 17
VisualStudioVersion = 17.11.35327.3
MinimumVisualStudioVersion = 10.0.40219.1
Project("{FAE04EC0-301F-11D3-BF4B-00C04F79EFBC}") = "SocialNetwork", "SocialNetwork\SocialNetwork.csproj", "{B6E8D8F6-F68D-48CB-9190-602ACF5302FD}"
EndProject
Global
	GlobalSection(SolutionConfigurationPlatforms) = preSolution
		Debug|Any CPU = Debug|Any CPU
		Release|Any CPU = Release|Any CPU
	EndGlobalSection
	GlobalSection(ProjectConfigurationPlatforms) = postSolution
		{B6E8D8F6-F68D-48CB-9190-602ACF5302FD}.Debug|Any CPU.ActiveCfg = Debug|Any CPU
		{B6E8D8F6-F68D-48CB-9190-602ACF5302FD}.Debug|Any CPU.Build.0 = Debug|Any CPU
		{B6E8D8F6-F68D-48CB-9190-602ACF5302FD}.Release|Any CPU.ActiveCfg = Release|Any CPU
		{B6E8D8F6-F68D-48CB-9190-602ACF5302FD}.Release|Any CPU.Build.0 = Release|Any CPU
	EndGlobalSection
	GlobalSection(SolutionProperties) = preSolution
		HideSolutionNode = FALSE
	EndGlobalSection
	GlobalSection(ExtensibilityGlobals) = postSolution
		SolutionGuid = {C39A4DE6-9596-410B-BD32-A530415A5A41}
	EndGlobalSection
EndGlobal
